
Microsoft Visual Studio Solution File, Format Version 12.00
# Visual Studio Version 17
VisualStudioVersion = 17.5.33530.505
MinimumVisualStudioVersion = 10.0.40219.1
Project("{FAE04EC0-301F-11D3-BF4B-00C04F79EFBC}") = "codersGrowth", "codersGrowth.csproj", "{57B0D53A-53F5-4F6F-8370-25628E8DDD7F}"
EndProject
Project("{FAE04EC0-301F-11D3-BF4B-00C04F79EFBC}") = "codersGrowth.Infra.Data", "..\codersGrowth.Infra.Data\codersGrowth.Infra.Data.csproj", "{65A68019-270E-4DAC-B2C1-537BB6633D7E}"
EndProject
Project("{FAE04EC0-301F-11D3-BF4B-00C04F79EFBC}") = "codersGrowth.Dominio", "..\codersGrowth.Dominio\codersGrowth.Dominio.csproj", "{D97BD25D-29C7-486F-A861-6D9387B30F3E}"
EndProject
Global
	GlobalSection(SolutionConfigurationPlatforms) = preSolution
		Debug|Any CPU = Debug|Any CPU
		Release|Any CPU = Release|Any CPU
	EndGlobalSection
	GlobalSection(ProjectConfigurationPlatforms) = postSolution
		{57B0D53A-53F5-4F6F-8370-25628E8DDD7F}.Debug|Any CPU.ActiveCfg = Debug|Any CPU
		{57B0D53A-53F5-4F6F-8370-25628E8DDD7F}.Debug|Any CPU.Build.0 = Debug|Any CPU
		{57B0D53A-53F5-4F6F-8370-25628E8DDD7F}.Release|Any CPU.ActiveCfg = Release|Any CPU
		{57B0D53A-53F5-4F6F-8370-25628E8DDD7F}.Release|Any CPU.Build.0 = Release|Any CPU
		{65A68019-270E-4DAC-B2C1-537BB6633D7E}.Debug|Any CPU.ActiveCfg = Debug|Any CPU
		{65A68019-270E-4DAC-B2C1-537BB6633D7E}.Debug|Any CPU.Build.0 = Debug|Any CPU
		{65A68019-270E-4DAC-B2C1-537BB6633D7E}.Release|Any CPU.ActiveCfg = Release|Any CPU
		{65A68019-270E-4DAC-B2C1-537BB6633D7E}.Release|Any CPU.Build.0 = Release|Any CPU
		{D97BD25D-29C7-486F-A861-6D9387B30F3E}.Debug|Any CPU.ActiveCfg = Debug|Any CPU
		{D97BD25D-29C7-486F-A861-6D9387B30F3E}.Debug|Any CPU.Build.0 = Debug|Any CPU
		{D97BD25D-29C7-486F-A861-6D9387B30F3E}.Release|Any CPU.ActiveCfg = Release|Any CPU
		{D97BD25D-29C7-486F-A861-6D9387B30F3E}.Release|Any CPU.Build.0 = Release|Any CPU
	EndGlobalSection
	GlobalSection(SolutionProperties) = preSolution
		HideSolutionNode = FALSE
	EndGlobalSection
	GlobalSection(ExtensibilityGlobals) = postSolution
		SolutionGuid = {D2944552-A844-4E9A-9C64-9BAAA1FD6E17}
	EndGlobalSection
EndGlobal
